// !$*UTF8*$!
{
	archiveVersion = 1;
	classes = {
	};
	objectVersion = 56;
	objects = {

/* Begin PBXBuildFile section */
		240790212B8E8123009F0BE5 /* AppDelegate.swift in Sources */ = {isa = PBXBuildFile; fileRef = 240790202B8E8123009F0BE5 /* AppDelegate.swift */; };
		240790232B8E8123009F0BE5 /* SceneDelegate.swift in Sources */ = {isa = PBXBuildFile; fileRef = 240790222B8E8123009F0BE5 /* SceneDelegate.swift */; };
		240790252B8E8123009F0BE5 /* SplashViewController.swift in Sources */ = {isa = PBXBuildFile; fileRef = 240790242B8E8123009F0BE5 /* SplashViewController.swift */; };
		2407902A2B8E8125009F0BE5 /* Assets.xcassets in Resources */ = {isa = PBXBuildFile; fileRef = 240790292B8E8125009F0BE5 /* Assets.xcassets */; };
		2407902D2B8E8125009F0BE5 /* LaunchScreen.storyboard in Resources */ = {isa = PBXBuildFile; fileRef = 2407902B2B8E8125009F0BE5 /* LaunchScreen.storyboard */; };
		240790352B8EA136009F0BE5 /* SplashViewController.xib in Resources */ = {isa = PBXBuildFile; fileRef = 240790342B8EA136009F0BE5 /* SplashViewController.xib */; };
		240790382B8EA473009F0BE5 /* LoginController.swift in Sources */ = {isa = PBXBuildFile; fileRef = 240790362B8EA473009F0BE5 /* LoginController.swift */; };
		240790392B8EA473009F0BE5 /* LoginController.xib in Resources */ = {isa = PBXBuildFile; fileRef = 240790372B8EA473009F0BE5 /* LoginController.xib */; };
		2407903C2B8EA4B2009F0BE5 /* HeroesController.swift in Sources */ = {isa = PBXBuildFile; fileRef = 2407903A2B8EA4B2009F0BE5 /* HeroesController.swift */; };
		2407903D2B8EA4B2009F0BE5 /* HeroesController.xib in Resources */ = {isa = PBXBuildFile; fileRef = 2407903B2B8EA4B2009F0BE5 /* HeroesController.xib */; };
		240790412B8EA556009F0BE5 /* ApiProvider.swift in Sources */ = {isa = PBXBuildFile; fileRef = 240790402B8EA556009F0BE5 /* ApiProvider.swift */; };
		240790442B8EF479009F0BE5 /* KeychainSwift in Frameworks */ = {isa = PBXBuildFile; productRef = 240790432B8EF479009F0BE5 /* KeychainSwift */; };
		240790462B8EF552009F0BE5 /* SecureDataKeychain.swift in Sources */ = {isa = PBXBuildFile; fileRef = 240790452B8EF552009F0BE5 /* SecureDataKeychain.swift */; };
		2430661F2B9CB2BE0051446D /* Model.xcdatamodeld in Sources */ = {isa = PBXBuildFile; fileRef = 2430661D2B9CB2BE0051446D /* Model.xcdatamodeld */; };
		243066262B9CF4240051446D /* NSMLocation.swift in Sources */ = {isa = PBXBuildFile; fileRef = 243066202B9CF4240051446D /* NSMLocation.swift */; };
		243066282B9CF4240051446D /* NSMTransformation.swift in Sources */ = {isa = PBXBuildFile; fileRef = 243066222B9CF4240051446D /* NSMTransformation.swift */; };
		2430662A2B9CF4240051446D /* NSMHero.swift in Sources */ = {isa = PBXBuildFile; fileRef = 243066242B9CF4240051446D /* NSMHero.swift */; };
		2430662D2B9CF6A90051446D /* StoreDataProvider.swift in Sources */ = {isa = PBXBuildFile; fileRef = 2430662C2B9CF6A90051446D /* StoreDataProvider.swift */; };
		243066302B9DF6700051446D /* Hero.swift in Sources */ = {isa = PBXBuildFile; fileRef = 2430662F2B9DF6700051446D /* Hero.swift */; };
		243066322B9DF6860051446D /* Location.swift in Sources */ = {isa = PBXBuildFile; fileRef = 243066312B9DF6860051446D /* Location.swift */; };
		243066342B9DF69B0051446D /* Transformation.swift in Sources */ = {isa = PBXBuildFile; fileRef = 243066332B9DF69B0051446D /* Transformation.swift */; };
		244836352BD3095A00358AA9 /* HeroesViewModel.swift in Sources */ = {isa = PBXBuildFile; fileRef = 244836342BD3095A00358AA9 /* HeroesViewModel.swift */; };
		244836392BD30F9C00358AA9 /* HeroDetailViewController.xib in Resources */ = {isa = PBXBuildFile; fileRef = 244836382BD30F9C00358AA9 /* HeroDetailViewController.xib */; };
		2448363A2BD30F9C00358AA9 /* HeroDetailViewController.swift in Sources */ = {isa = PBXBuildFile; fileRef = 244836372BD30F9C00358AA9 /* HeroDetailViewController.swift */; };
		2448363C2BD31BA200358AA9 /* HeroAnnotation.swift in Sources */ = {isa = PBXBuildFile; fileRef = 2448363B2BD31BA200358AA9 /* HeroAnnotation.swift */; };
		2448363E2BD31BE500358AA9 /* HeroAnnotationView.swift in Sources */ = {isa = PBXBuildFile; fileRef = 2448363D2BD31BE500358AA9 /* HeroAnnotationView.swift */; };
		244836402BD31C4800358AA9 /* HeroDetailViewModel.swift in Sources */ = {isa = PBXBuildFile; fileRef = 2448363F2BD31C4800358AA9 /* HeroDetailViewModel.swift */; };
		244836432BD31EE500358AA9 /* Kingfisher in Frameworks */ = {isa = PBXBuildFile; productRef = 244836422BD31EE500358AA9 /* Kingfisher */; };
		244836462BD327DA00358AA9 /* HeroCell.xib in Resources */ = {isa = PBXBuildFile; fileRef = 244836452BD327DA00358AA9 /* HeroCell.xib */; };
		244836472BD327DA00358AA9 /* HeroCell.swift in Sources */ = {isa = PBXBuildFile; fileRef = 244836442BD327DA00358AA9 /* HeroCell.swift */; };
		2448364E2BD47F8400358AA9 /* HerosListController.xib in Resources */ = {isa = PBXBuildFile; fileRef = 2448364D2BD47F8400358AA9 /* HerosListController.xib */; };
		2448364F2BD47F8400358AA9 /* HerosListController.swift in Sources */ = {isa = PBXBuildFile; fileRef = 2448364C2BD47F8400358AA9 /* HerosListController.swift */; };
		244836522BD5525200358AA9 /* HeroListCell.xib in Resources */ = {isa = PBXBuildFile; fileRef = 244836512BD5525200358AA9 /* HeroListCell.xib */; };
		244836532BD5525200358AA9 /* HeroListCell.swift in Sources */ = {isa = PBXBuildFile; fileRef = 244836502BD5525200358AA9 /* HeroListCell.swift */; };
		24B95B6F2BD60E1900E6C123 /* TransformationController.swift in Sources */ = {isa = PBXBuildFile; fileRef = 24B95B6D2BD60E1900E6C123 /* TransformationController.swift */; };
		24B95B702BD60E1900E6C123 /* TransformationController.xib in Resources */ = {isa = PBXBuildFile; fileRef = 24B95B6E2BD60E1900E6C123 /* TransformationController.xib */; };
		24B95BB12BDC992100E6C123 /* TransformationCollectionViewCell.swift in Sources */ = {isa = PBXBuildFile; fileRef = 24B95BAF2BDC992100E6C123 /* TransformationCollectionViewCell.swift */; };
		24B95BB22BDC992100E6C123 /* TransformationCollectionViewCell.xib in Resources */ = {isa = PBXBuildFile; fileRef = 24B95BB02BDC992100E6C123 /* TransformationCollectionViewCell.xib */; };
		24B95BB62BDE0CBF00E6C123 /* TransformationViewController.swift in Sources */ = {isa = PBXBuildFile; fileRef = 24B95BB42BDE0CBF00E6C123 /* TransformationViewController.swift */; };
		24B95BB72BDE0CBF00E6C123 /* TransformationViewController.xib in Resources */ = {isa = PBXBuildFile; fileRef = 24B95BB52BDE0CBF00E6C123 /* TransformationViewController.xib */; };
		24B95BB92BDE0ED500E6C123 /* TransformationViewModel.swift in Sources */ = {isa = PBXBuildFile; fileRef = 24B95BB82BDE0ED500E6C123 /* TransformationViewModel.swift */; };
		24E55AAD2B912DBA00EFA8FD /* LoginViewModel.swift in Sources */ = {isa = PBXBuildFile; fileRef = 24E55AAC2B912DBA00EFA8FD /* LoginViewModel.swift */; };
/* End PBXBuildFile section */

/* Begin PBXFileReference section */
		2407901D2B8E8123009F0BE5 /* Dragon-Ball-Persistence.app */ = {isa = PBXFileReference; explicitFileType = wrapper.application; includeInIndex = 0; path = "Dragon-Ball-Persistence.app"; sourceTree = BUILT_PRODUCTS_DIR; };
		240790202B8E8123009F0BE5 /* AppDelegate.swift */ = {isa = PBXFileReference; lastKnownFileType = sourcecode.swift; path = AppDelegate.swift; sourceTree = "<group>"; };
		240790222B8E8123009F0BE5 /* SceneDelegate.swift */ = {isa = PBXFileReference; lastKnownFileType = sourcecode.swift; path = SceneDelegate.swift; sourceTree = "<group>"; };
		240790242B8E8123009F0BE5 /* SplashViewController.swift */ = {isa = PBXFileReference; lastKnownFileType = sourcecode.swift; path = SplashViewController.swift; sourceTree = "<group>"; };
		240790292B8E8125009F0BE5 /* Assets.xcassets */ = {isa = PBXFileReference; lastKnownFileType = folder.assetcatalog; path = Assets.xcassets; sourceTree = "<group>"; };
		2407902C2B8E8125009F0BE5 /* Base */ = {isa = PBXFileReference; lastKnownFileType = file.storyboard; name = Base; path = Base.lproj/LaunchScreen.storyboard; sourceTree = "<group>"; };
		2407902E2B8E8125009F0BE5 /* Info.plist */ = {isa = PBXFileReference; lastKnownFileType = text.plist.xml; path = Info.plist; sourceTree = "<group>"; };
		240790342B8EA136009F0BE5 /* SplashViewController.xib */ = {isa = PBXFileReference; lastKnownFileType = file.xib; path = SplashViewController.xib; sourceTree = "<group>"; };
		240790362B8EA473009F0BE5 /* LoginController.swift */ = {isa = PBXFileReference; lastKnownFileType = sourcecode.swift; path = LoginController.swift; sourceTree = "<group>"; };
		240790372B8EA473009F0BE5 /* LoginController.xib */ = {isa = PBXFileReference; lastKnownFileType = file.xib; path = LoginController.xib; sourceTree = "<group>"; };
		2407903A2B8EA4B2009F0BE5 /* HeroesController.swift */ = {isa = PBXFileReference; lastKnownFileType = sourcecode.swift; path = HeroesController.swift; sourceTree = "<group>"; };
		2407903B2B8EA4B2009F0BE5 /* HeroesController.xib */ = {isa = PBXFileReference; lastKnownFileType = file.xib; path = HeroesController.xib; sourceTree = "<group>"; };
		240790402B8EA556009F0BE5 /* ApiProvider.swift */ = {isa = PBXFileReference; lastKnownFileType = sourcecode.swift; path = ApiProvider.swift; sourceTree = "<group>"; };
		240790452B8EF552009F0BE5 /* SecureDataKeychain.swift */ = {isa = PBXFileReference; lastKnownFileType = sourcecode.swift; path = SecureDataKeychain.swift; sourceTree = "<group>"; };
		2430661E2B9CB2BE0051446D /* Model.xcdatamodel */ = {isa = PBXFileReference; lastKnownFileType = wrapper.xcdatamodel; path = Model.xcdatamodel; sourceTree = "<group>"; };
		243066202B9CF4240051446D /* NSMLocation.swift */ = {isa = PBXFileReference; lastKnownFileType = sourcecode.swift; path = NSMLocation.swift; sourceTree = "<group>"; };
		243066222B9CF4240051446D /* NSMTransformation.swift */ = {isa = PBXFileReference; lastKnownFileType = sourcecode.swift; path = NSMTransformation.swift; sourceTree = "<group>"; };
		243066242B9CF4240051446D /* NSMHero.swift */ = {isa = PBXFileReference; lastKnownFileType = sourcecode.swift; path = NSMHero.swift; sourceTree = "<group>"; };
		2430662C2B9CF6A90051446D /* StoreDataProvider.swift */ = {isa = PBXFileReference; lastKnownFileType = sourcecode.swift; path = StoreDataProvider.swift; sourceTree = "<group>"; };
		2430662F2B9DF6700051446D /* Hero.swift */ = {isa = PBXFileReference; lastKnownFileType = sourcecode.swift; path = Hero.swift; sourceTree = "<group>"; };
		243066312B9DF6860051446D /* Location.swift */ = {isa = PBXFileReference; lastKnownFileType = sourcecode.swift; path = Location.swift; sourceTree = "<group>"; };
		243066332B9DF69B0051446D /* Transformation.swift */ = {isa = PBXFileReference; lastKnownFileType = sourcecode.swift; path = Transformation.swift; sourceTree = "<group>"; };
		244836342BD3095A00358AA9 /* HeroesViewModel.swift */ = {isa = PBXFileReference; lastKnownFileType = sourcecode.swift; path = HeroesViewModel.swift; sourceTree = "<group>"; };
		244836372BD30F9C00358AA9 /* HeroDetailViewController.swift */ = {isa = PBXFileReference; lastKnownFileType = sourcecode.swift; path = HeroDetailViewController.swift; sourceTree = "<group>"; };
		244836382BD30F9C00358AA9 /* HeroDetailViewController.xib */ = {isa = PBXFileReference; lastKnownFileType = file.xib; path = HeroDetailViewController.xib; sourceTree = "<group>"; };
		2448363B2BD31BA200358AA9 /* HeroAnnotation.swift */ = {isa = PBXFileReference; lastKnownFileType = sourcecode.swift; path = HeroAnnotation.swift; sourceTree = "<group>"; };
		2448363D2BD31BE500358AA9 /* HeroAnnotationView.swift */ = {isa = PBXFileReference; lastKnownFileType = sourcecode.swift; path = HeroAnnotationView.swift; sourceTree = "<group>"; };
		2448363F2BD31C4800358AA9 /* HeroDetailViewModel.swift */ = {isa = PBXFileReference; lastKnownFileType = sourcecode.swift; path = HeroDetailViewModel.swift; sourceTree = "<group>"; };
		244836442BD327DA00358AA9 /* HeroCell.swift */ = {isa = PBXFileReference; lastKnownFileType = sourcecode.swift; path = HeroCell.swift; sourceTree = "<group>"; };
		244836452BD327DA00358AA9 /* HeroCell.xib */ = {isa = PBXFileReference; lastKnownFileType = file.xib; path = HeroCell.xib; sourceTree = "<group>"; };
		2448364C2BD47F8400358AA9 /* HerosListController.swift */ = {isa = PBXFileReference; lastKnownFileType = sourcecode.swift; path = HerosListController.swift; sourceTree = "<group>"; };
		2448364D2BD47F8400358AA9 /* HerosListController.xib */ = {isa = PBXFileReference; lastKnownFileType = file.xib; path = HerosListController.xib; sourceTree = "<group>"; };
		244836502BD5525200358AA9 /* HeroListCell.swift */ = {isa = PBXFileReference; lastKnownFileType = sourcecode.swift; path = HeroListCell.swift; sourceTree = "<group>"; };
		244836512BD5525200358AA9 /* HeroListCell.xib */ = {isa = PBXFileReference; lastKnownFileType = file.xib; path = HeroListCell.xib; sourceTree = "<group>"; };
		24B95B6D2BD60E1900E6C123 /* TransformationController.swift */ = {isa = PBXFileReference; lastKnownFileType = sourcecode.swift; path = TransformationController.swift; sourceTree = "<group>"; };
		24B95B6E2BD60E1900E6C123 /* TransformationController.xib */ = {isa = PBXFileReference; lastKnownFileType = file.xib; path = TransformationController.xib; sourceTree = "<group>"; };
		24B95BAF2BDC992100E6C123 /* TransformationCollectionViewCell.swift */ = {isa = PBXFileReference; lastKnownFileType = sourcecode.swift; path = TransformationCollectionViewCell.swift; sourceTree = "<group>"; };
		24B95BB02BDC992100E6C123 /* TransformationCollectionViewCell.xib */ = {isa = PBXFileReference; lastKnownFileType = file.xib; path = TransformationCollectionViewCell.xib; sourceTree = "<group>"; };
		24B95BB42BDE0CBF00E6C123 /* TransformationViewController.swift */ = {isa = PBXFileReference; lastKnownFileType = sourcecode.swift; path = TransformationViewController.swift; sourceTree = "<group>"; };
		24B95BB52BDE0CBF00E6C123 /* TransformationViewController.xib */ = {isa = PBXFileReference; lastKnownFileType = file.xib; path = TransformationViewController.xib; sourceTree = "<group>"; };
		24B95BB82BDE0ED500E6C123 /* TransformationViewModel.swift */ = {isa = PBXFileReference; lastKnownFileType = sourcecode.swift; path = TransformationViewModel.swift; sourceTree = "<group>"; };
		24E55AAC2B912DBA00EFA8FD /* LoginViewModel.swift */ = {isa = PBXFileReference; lastKnownFileType = sourcecode.swift; path = LoginViewModel.swift; sourceTree = "<group>"; };
/* End PBXFileReference section */

/* Begin PBXFrameworksBuildPhase section */
		2407901A2B8E8123009F0BE5 /* Frameworks */ = {
			isa = PBXFrameworksBuildPhase;
			buildActionMask = 2147483647;
			files = (
				244836432BD31EE500358AA9 /* Kingfisher in Frameworks */,
				240790442B8EF479009F0BE5 /* KeychainSwift in Frameworks */,
			);
			runOnlyForDeploymentPostprocessing = 0;
		};
/* End PBXFrameworksBuildPhase section */

/* Begin PBXGroup section */
		240790142B8E8123009F0BE5 = {
			isa = PBXGroup;
			children = (
				2407901F2B8E8123009F0BE5 /* Dragon-Ball-Persistence */,
				2407901E2B8E8123009F0BE5 /* Products */,
			);
			sourceTree = "<group>";
		};
		2407901E2B8E8123009F0BE5 /* Products */ = {
			isa = PBXGroup;
			children = (
				2407901D2B8E8123009F0BE5 /* Dragon-Ball-Persistence.app */,
			);
			name = Products;
			sourceTree = "<group>";
		};
		2407901F2B8E8123009F0BE5 /* Dragon-Ball-Persistence */ = {
			isa = PBXGroup;
			children = (
				240790202B8E8123009F0BE5 /* AppDelegate.swift */,
				240790222B8E8123009F0BE5 /* SceneDelegate.swift */,
				2407903F2B8EA527009F0BE5 /* Data */,
				2407903E2B8EA4F1009F0BE5 /* UI */,
				240790292B8E8125009F0BE5 /* Assets.xcassets */,
				2407902B2B8E8125009F0BE5 /* LaunchScreen.storyboard */,
				2407902E2B8E8125009F0BE5 /* Info.plist */,
			);
			path = "Dragon-Ball-Persistence";
			sourceTree = "<group>";
		};
		2407903E2B8EA4F1009F0BE5 /* UI */ = {
			isa = PBXGroup;
			children = (
				244836362BD30F3600358AA9 /* HeroDetail */,
				2430661B2B9CB0200051446D /* Heroes */,
				2430661A2B9CAFC30051446D /* SplashAndLogin */,
			);
			path = UI;
			sourceTree = "<group>";
		};
		2407903F2B8EA527009F0BE5 /* Data */ = {
			isa = PBXGroup;
			children = (
				2430662E2B9DF6580051446D /* Model */,
				2430661C2B9CB2A30051446D /* CoreData */,
				240790402B8EA556009F0BE5 /* ApiProvider.swift */,
				240790452B8EF552009F0BE5 /* SecureDataKeychain.swift */,
			);
			path = Data;
			sourceTree = "<group>";
		};
		2430661A2B9CAFC30051446D /* SplashAndLogin */ = {
			isa = PBXGroup;
			children = (
				240790242B8E8123009F0BE5 /* SplashViewController.swift */,
				240790342B8EA136009F0BE5 /* SplashViewController.xib */,
				240790372B8EA473009F0BE5 /* LoginController.xib */,
				240790362B8EA473009F0BE5 /* LoginController.swift */,
				24E55AAC2B912DBA00EFA8FD /* LoginViewModel.swift */,
			);
			path = SplashAndLogin;
			sourceTree = "<group>";
		};
		2430661B2B9CB0200051446D /* Heroes */ = {
			isa = PBXGroup;
			children = (
				2407903A2B8EA4B2009F0BE5 /* HeroesController.swift */,
				2407903B2B8EA4B2009F0BE5 /* HeroesController.xib */,
				244836342BD3095A00358AA9 /* HeroesViewModel.swift */,
				244836442BD327DA00358AA9 /* HeroCell.swift */,
				244836452BD327DA00358AA9 /* HeroCell.xib */,
				2448364C2BD47F8400358AA9 /* HerosListController.swift */,
				2448364D2BD47F8400358AA9 /* HerosListController.xib */,
				244836502BD5525200358AA9 /* HeroListCell.swift */,
				244836512BD5525200358AA9 /* HeroListCell.xib */,
			);
			path = Heroes;
			sourceTree = "<group>";
		};
		2430661C2B9CB2A30051446D /* CoreData */ = {
			isa = PBXGroup;
			children = (
				243066202B9CF4240051446D /* NSMLocation.swift */,
				243066222B9CF4240051446D /* NSMTransformation.swift */,
				243066242B9CF4240051446D /* NSMHero.swift */,
				2430661D2B9CB2BE0051446D /* Model.xcdatamodeld */,
				2430662C2B9CF6A90051446D /* StoreDataProvider.swift */,
			);
			path = CoreData;
			sourceTree = "<group>";
		};
		2430662E2B9DF6580051446D /* Model */ = {
			isa = PBXGroup;
			children = (
				2430662F2B9DF6700051446D /* Hero.swift */,
				243066312B9DF6860051446D /* Location.swift */,
				243066332B9DF69B0051446D /* Transformation.swift */,
			);
			path = Model;
			sourceTree = "<group>";
		};
		244836362BD30F3600358AA9 /* HeroDetail */ = {
			isa = PBXGroup;
			children = (
				24B95BB32BDE0C7500E6C123 /* DetailTransformation */,
				244836372BD30F9C00358AA9 /* HeroDetailViewController.swift */,
				244836382BD30F9C00358AA9 /* HeroDetailViewController.xib */,
				2448363B2BD31BA200358AA9 /* HeroAnnotation.swift */,
				2448363D2BD31BE500358AA9 /* HeroAnnotationView.swift */,
				2448363F2BD31C4800358AA9 /* HeroDetailViewModel.swift */,
				24B95B6D2BD60E1900E6C123 /* TransformationController.swift */,
				24B95B6E2BD60E1900E6C123 /* TransformationController.xib */,
				24B95BAF2BDC992100E6C123 /* TransformationCollectionViewCell.swift */,
				24B95BB02BDC992100E6C123 /* TransformationCollectionViewCell.xib */,
			);
			path = HeroDetail;
			sourceTree = "<group>";
		};
		24B95BB32BDE0C7500E6C123 /* DetailTransformation */ = {
			isa = PBXGroup;
			children = (
				24B95BB42BDE0CBF00E6C123 /* TransformationViewController.swift */,
				24B95BB52BDE0CBF00E6C123 /* TransformationViewController.xib */,
				24B95BB82BDE0ED500E6C123 /* TransformationViewModel.swift */,
			);
			path = DetailTransformation;
			sourceTree = "<group>";
		};
/* End PBXGroup section */

/* Begin PBXNativeTarget section */
		2407901C2B8E8123009F0BE5 /* Dragon-Ball-Persistence */ = {
			isa = PBXNativeTarget;
			buildConfigurationList = 240790312B8E8125009F0BE5 /* Build configuration list for PBXNativeTarget "Dragon-Ball-Persistence" */;
			buildPhases = (
				240790192B8E8123009F0BE5 /* Sources */,
				2407901A2B8E8123009F0BE5 /* Frameworks */,
				2407901B2B8E8123009F0BE5 /* Resources */,
			);
			buildRules = (
			);
			dependencies = (
			);
			name = "Dragon-Ball-Persistence";
			packageProductDependencies = (
				240790432B8EF479009F0BE5 /* KeychainSwift */,
				244836422BD31EE500358AA9 /* Kingfisher */,
			);
			productName = "Dragon-Ball-Persistence";
			productReference = 2407901D2B8E8123009F0BE5 /* Dragon-Ball-Persistence.app */;
			productType = "com.apple.product-type.application";
		};
/* End PBXNativeTarget section */

/* Begin PBXProject section */
		240790152B8E8123009F0BE5 /* Project object */ = {
			isa = PBXProject;
			attributes = {
				BuildIndependentTargetsInParallel = 1;
				LastSwiftUpdateCheck = 1520;
				LastUpgradeCheck = 1520;
				TargetAttributes = {
					2407901C2B8E8123009F0BE5 = {
						CreatedOnToolsVersion = 15.2;
					};
				};
			};
			buildConfigurationList = 240790182B8E8123009F0BE5 /* Build configuration list for PBXProject "Dragon-Ball-Persistence" */;
			compatibilityVersion = "Xcode 14.0";
			developmentRegion = en;
			hasScannedForEncodings = 0;
			knownRegions = (
				en,
				Base,
			);
			mainGroup = 240790142B8E8123009F0BE5;
			packageReferences = (
				240790422B8EF479009F0BE5 /* XCRemoteSwiftPackageReference "keychain-swift" */,
				244836412BD31EE500358AA9 /* XCRemoteSwiftPackageReference "kingfisher" */,
			);
			productRefGroup = 2407901E2B8E8123009F0BE5 /* Products */;
			projectDirPath = "";
			projectRoot = "";
			targets = (
				2407901C2B8E8123009F0BE5 /* Dragon-Ball-Persistence */,
			);
		};
/* End PBXProject section */

/* Begin PBXResourcesBuildPhase section */
		2407901B2B8E8123009F0BE5 /* Resources */ = {
			isa = PBXResourcesBuildPhase;
			buildActionMask = 2147483647;
			files = (
				2407902D2B8E8125009F0BE5 /* LaunchScreen.storyboard in Resources */,
				2448364E2BD47F8400358AA9 /* HerosListController.xib in Resources */,
				240790392B8EA473009F0BE5 /* LoginController.xib in Resources */,
				24B95BB22BDC992100E6C123 /* TransformationCollectionViewCell.xib in Resources */,
				2407903D2B8EA4B2009F0BE5 /* HeroesController.xib in Resources */,
				24B95B702BD60E1900E6C123 /* TransformationController.xib in Resources */,
				244836522BD5525200358AA9 /* HeroListCell.xib in Resources */,
				244836462BD327DA00358AA9 /* HeroCell.xib in Resources */,
				244836392BD30F9C00358AA9 /* HeroDetailViewController.xib in Resources */,
				240790352B8EA136009F0BE5 /* SplashViewController.xib in Resources */,
				24B95BB72BDE0CBF00E6C123 /* TransformationViewController.xib in Resources */,
				2407902A2B8E8125009F0BE5 /* Assets.xcassets in Resources */,
			);
			runOnlyForDeploymentPostprocessing = 0;
		};
/* End PBXResourcesBuildPhase section */

/* Begin PBXSourcesBuildPhase section */
		240790192B8E8123009F0BE5 /* Sources */ = {
			isa = PBXSourcesBuildPhase;
			buildActionMask = 2147483647;
			files = (
				240790252B8E8123009F0BE5 /* SplashViewController.swift in Sources */,
				243066282B9CF4240051446D /* NSMTransformation.swift in Sources */,
				240790462B8EF552009F0BE5 /* SecureDataKeychain.swift in Sources */,
				24B95BB92BDE0ED500E6C123 /* TransformationViewModel.swift in Sources */,
				2448363C2BD31BA200358AA9 /* HeroAnnotation.swift in Sources */,
				240790382B8EA473009F0BE5 /* LoginController.swift in Sources */,
				240790212B8E8123009F0BE5 /* AppDelegate.swift in Sources */,
				24E55AAD2B912DBA00EFA8FD /* LoginViewModel.swift in Sources */,
				244836532BD5525200358AA9 /* HeroListCell.swift in Sources */,
				243066342B9DF69B0051446D /* Transformation.swift in Sources */,
				243066262B9CF4240051446D /* NSMLocation.swift in Sources */,
				243066322B9DF6860051446D /* Location.swift in Sources */,
				2430662A2B9CF4240051446D /* NSMHero.swift in Sources */,
				2448363E2BD31BE500358AA9 /* HeroAnnotationView.swift in Sources */,
				2430661F2B9CB2BE0051446D /* Model.xcdatamodeld in Sources */,
				2430662D2B9CF6A90051446D /* StoreDataProvider.swift in Sources */,
				24B95BB62BDE0CBF00E6C123 /* TransformationViewController.swift in Sources */,
				2448364F2BD47F8400358AA9 /* HerosListController.swift in Sources */,
				240790412B8EA556009F0BE5 /* ApiProvider.swift in Sources */,
				24B95BB12BDC992100E6C123 /* TransformationCollectionViewCell.swift in Sources */,
				244836352BD3095A00358AA9 /* HeroesViewModel.swift in Sources */,
				243066302B9DF6700051446D /* Hero.swift in Sources */,
				2448363A2BD30F9C00358AA9 /* HeroDetailViewController.swift in Sources */,
				24B95B6F2BD60E1900E6C123 /* TransformationController.swift in Sources */,
				244836402BD31C4800358AA9 /* HeroDetailViewModel.swift in Sources */,
				244836472BD327DA00358AA9 /* HeroCell.swift in Sources */,
				240790232B8E8123009F0BE5 /* SceneDelegate.swift in Sources */,
				2407903C2B8EA4B2009F0BE5 /* HeroesController.swift in Sources */,
			);
			runOnlyForDeploymentPostprocessing = 0;
		};
/* End PBXSourcesBuildPhase section */

/* Begin PBXVariantGroup section */
		2407902B2B8E8125009F0BE5 /* LaunchScreen.storyboard */ = {
			isa = PBXVariantGroup;
			children = (
				2407902C2B8E8125009F0BE5 /* Base */,
			);
			name = LaunchScreen.storyboard;
			sourceTree = "<group>";
		};
/* End PBXVariantGroup section */

/* Begin XCBuildConfiguration section */
		2407902F2B8E8125009F0BE5 /* Debug */ = {
			isa = XCBuildConfiguration;
			buildSettings = {
				ALWAYS_SEARCH_USER_PATHS = NO;
				ASSETCATALOG_COMPILER_GENERATE_SWIFT_ASSET_SYMBOL_EXTENSIONS = YES;
				CLANG_ANALYZER_NONNULL = YES;
				CLANG_ANALYZER_NUMBER_OBJECT_CONVERSION = YES_AGGRESSIVE;
				CLANG_CXX_LANGUAGE_STANDARD = "gnu++20";
				CLANG_ENABLE_MODULES = YES;
				CLANG_ENABLE_OBJC_ARC = YES;
				CLANG_ENABLE_OBJC_WEAK = YES;
				CLANG_WARN_BLOCK_CAPTURE_AUTORELEASING = YES;
				CLANG_WARN_BOOL_CONVERSION = YES;
				CLANG_WARN_COMMA = YES;
				CLANG_WARN_CONSTANT_CONVERSION = YES;
				CLANG_WARN_DEPRECATED_OBJC_IMPLEMENTATIONS = YES;
				CLANG_WARN_DIRECT_OBJC_ISA_USAGE = YES_ERROR;
				CLANG_WARN_DOCUMENTATION_COMMENTS = YES;
				CLANG_WARN_EMPTY_BODY = YES;
				CLANG_WARN_ENUM_CONVERSION = YES;
				CLANG_WARN_INFINITE_RECURSION = YES;
				CLANG_WARN_INT_CONVERSION = YES;
				CLANG_WARN_NON_LITERAL_NULL_CONVERSION = YES;
				CLANG_WARN_OBJC_IMPLICIT_RETAIN_SELF = YES;
				CLANG_WARN_OBJC_LITERAL_CONVERSION = YES;
				CLANG_WARN_OBJC_ROOT_CLASS = YES_ERROR;
				CLANG_WARN_QUOTED_INCLUDE_IN_FRAMEWORK_HEADER = YES;
				CLANG_WARN_RANGE_LOOP_ANALYSIS = YES;
				CLANG_WARN_STRICT_PROTOTYPES = YES;
				CLANG_WARN_SUSPICIOUS_MOVE = YES;
				CLANG_WARN_UNGUARDED_AVAILABILITY = YES_AGGRESSIVE;
				CLANG_WARN_UNREACHABLE_CODE = YES;
				CLANG_WARN__DUPLICATE_METHOD_MATCH = YES;
				COPY_PHASE_STRIP = NO;
				DEBUG_INFORMATION_FORMAT = dwarf;
				ENABLE_STRICT_OBJC_MSGSEND = YES;
				ENABLE_TESTABILITY = YES;
				ENABLE_USER_SCRIPT_SANDBOXING = YES;
				GCC_C_LANGUAGE_STANDARD = gnu17;
				GCC_DYNAMIC_NO_PIC = NO;
				GCC_NO_COMMON_BLOCKS = YES;
				GCC_OPTIMIZATION_LEVEL = 0;
				GCC_PREPROCESSOR_DEFINITIONS = (
					"DEBUG=1",
					"$(inherited)",
				);
				GCC_WARN_64_TO_32_BIT_CONVERSION = YES;
				GCC_WARN_ABOUT_RETURN_TYPE = YES_ERROR;
				GCC_WARN_UNDECLARED_SELECTOR = YES;
				GCC_WARN_UNINITIALIZED_AUTOS = YES_AGGRESSIVE;
				GCC_WARN_UNUSED_FUNCTION = YES;
				GCC_WARN_UNUSED_VARIABLE = YES;
				IPHONEOS_DEPLOYMENT_TARGET = 17.2;
				LOCALIZATION_PREFERS_STRING_CATALOGS = YES;
				MTL_ENABLE_DEBUG_INFO = INCLUDE_SOURCE;
				MTL_FAST_MATH = YES;
				ONLY_ACTIVE_ARCH = YES;
				SDKROOT = iphoneos;
				SWIFT_ACTIVE_COMPILATION_CONDITIONS = "DEBUG $(inherited)";
				SWIFT_OPTIMIZATION_LEVEL = "-Onone";
			};
			name = Debug;
		};
		240790302B8E8125009F0BE5 /* Release */ = {
			isa = XCBuildConfiguration;
			buildSettings = {
				ALWAYS_SEARCH_USER_PATHS = NO;
				ASSETCATALOG_COMPILER_GENERATE_SWIFT_ASSET_SYMBOL_EXTENSIONS = YES;
				CLANG_ANALYZER_NONNULL = YES;
				CLANG_ANALYZER_NUMBER_OBJECT_CONVERSION = YES_AGGRESSIVE;
				CLANG_CXX_LANGUAGE_STANDARD = "gnu++20";
				CLANG_ENABLE_MODULES = YES;
				CLANG_ENABLE_OBJC_ARC = YES;
				CLANG_ENABLE_OBJC_WEAK = YES;
				CLANG_WARN_BLOCK_CAPTURE_AUTORELEASING = YES;
				CLANG_WARN_BOOL_CONVERSION = YES;
				CLANG_WARN_COMMA = YES;
				CLANG_WARN_CONSTANT_CONVERSION = YES;
				CLANG_WARN_DEPRECATED_OBJC_IMPLEMENTATIONS = YES;
				CLANG_WARN_DIRECT_OBJC_ISA_USAGE = YES_ERROR;
				CLANG_WARN_DOCUMENTATION_COMMENTS = YES;
				CLANG_WARN_EMPTY_BODY = YES;
				CLANG_WARN_ENUM_CONVERSION = YES;
				CLANG_WARN_INFINITE_RECURSION = YES;
				CLANG_WARN_INT_CONVERSION = YES;
				CLANG_WARN_NON_LITERAL_NULL_CONVERSION = YES;
				CLANG_WARN_OBJC_IMPLICIT_RETAIN_SELF = YES;
				CLANG_WARN_OBJC_LITERAL_CONVERSION = YES;
				CLANG_WARN_OBJC_ROOT_CLASS = YES_ERROR;
				CLANG_WARN_QUOTED_INCLUDE_IN_FRAMEWORK_HEADER = YES;
				CLANG_WARN_RANGE_LOOP_ANALYSIS = YES;
				CLANG_WARN_STRICT_PROTOTYPES = YES;
				CLANG_WARN_SUSPICIOUS_MOVE = YES;
				CLANG_WARN_UNGUARDED_AVAILABILITY = YES_AGGRESSIVE;
				CLANG_WARN_UNREACHABLE_CODE = YES;
				CLANG_WARN__DUPLICATE_METHOD_MATCH = YES;
				COPY_PHASE_STRIP = NO;
				DEBUG_INFORMATION_FORMAT = "dwarf-with-dsym";
				ENABLE_NS_ASSERTIONS = NO;
				ENABLE_STRICT_OBJC_MSGSEND = YES;
				ENABLE_USER_SCRIPT_SANDBOXING = YES;
				GCC_C_LANGUAGE_STANDARD = gnu17;
				GCC_NO_COMMON_BLOCKS = YES;
				GCC_WARN_64_TO_32_BIT_CONVERSION = YES;
				GCC_WARN_ABOUT_RETURN_TYPE = YES_ERROR;
				GCC_WARN_UNDECLARED_SELECTOR = YES;
				GCC_WARN_UNINITIALIZED_AUTOS = YES_AGGRESSIVE;
				GCC_WARN_UNUSED_FUNCTION = YES;
				GCC_WARN_UNUSED_VARIABLE = YES;
				IPHONEOS_DEPLOYMENT_TARGET = 17.2;
				LOCALIZATION_PREFERS_STRING_CATALOGS = YES;
				MTL_ENABLE_DEBUG_INFO = NO;
				MTL_FAST_MATH = YES;
				SDKROOT = iphoneos;
				SWIFT_COMPILATION_MODE = wholemodule;
				VALIDATE_PRODUCT = YES;
			};
			name = Release;
		};
		240790322B8E8125009F0BE5 /* Debug */ = {
			isa = XCBuildConfiguration;
			buildSettings = {
				ASSETCATALOG_COMPILER_APPICON_NAME = AppIcon;
				ASSETCATALOG_COMPILER_GLOBAL_ACCENT_COLOR_NAME = AccentColor;
				CODE_SIGN_STYLE = Automatic;
				CURRENT_PROJECT_VERSION = 1;
				DEVELOPMENT_TEAM = LF68Z3YD8E;
				GENERATE_INFOPLIST_FILE = YES;
				INFOPLIST_FILE = "Dragon-Ball-Persistence/Info.plist";
				INFOPLIST_KEY_NSLocationWhenInUseUsageDescription = "Necesito conocer tu ubicación para mostrarla en el mapade detalle de heroes";
				INFOPLIST_KEY_UIApplicationSupportsIndirectInputEvents = YES;
				INFOPLIST_KEY_UILaunchStoryboardName = LaunchScreen;
				INFOPLIST_KEY_UISupportedInterfaceOrientations_iPad = "UIInterfaceOrientationPortrait UIInterfaceOrientationPortraitUpsideDown UIInterfaceOrientationLandscapeLeft UIInterfaceOrientationLandscapeRight";
				INFOPLIST_KEY_UISupportedInterfaceOrientations_iPhone = "UIInterfaceOrientationPortrait UIInterfaceOrientationLandscapeLeft UIInterfaceOrientationLandscapeRight";
				LD_RUNPATH_SEARCH_PATHS = (
					"$(inherited)",
					"@executable_path/Frameworks",
				);
				MARKETING_VERSION = 1.0;
				PRODUCT_BUNDLE_IDENTIFIER = "com.covezcorp.Dragon-Ball-Persistence";
				PRODUCT_NAME = "$(TARGET_NAME)";
				SWIFT_EMIT_LOC_STRINGS = YES;
				SWIFT_VERSION = 5.0;
				TARGETED_DEVICE_FAMILY = "1,2";
			};
			name = Debug;
		};
		240790332B8E8125009F0BE5 /* Release */ = {
			isa = XCBuildConfiguration;
			buildSettings = {
				ASSETCATALOG_COMPILER_APPICON_NAME = AppIcon;
				ASSETCATALOG_COMPILER_GLOBAL_ACCENT_COLOR_NAME = AccentColor;
				CODE_SIGN_STYLE = Automatic;
				CURRENT_PROJECT_VERSION = 1;
				DEVELOPMENT_TEAM = LF68Z3YD8E;
				GENERATE_INFOPLIST_FILE = YES;
				INFOPLIST_FILE = "Dragon-Ball-Persistence/Info.plist";
				INFOPLIST_KEY_NSLocationWhenInUseUsageDescription = "Necesito conocer tu ubicación para mostrarla en el mapade detalle de heroes";
				INFOPLIST_KEY_UIApplicationSupportsIndirectInputEvents = YES;
				INFOPLIST_KEY_UILaunchStoryboardName = LaunchScreen;
				INFOPLIST_KEY_UISupportedInterfaceOrientations_iPad = "UIInterfaceOrientationPortrait UIInterfaceOrientationPortraitUpsideDown UIInterfaceOrientationLandscapeLeft UIInterfaceOrientationLandscapeRight";
				INFOPLIST_KEY_UISupportedInterfaceOrientations_iPhone = "UIInterfaceOrientationPortrait UIInterfaceOrientationLandscapeLeft UIInterfaceOrientationLandscapeRight";
				LD_RUNPATH_SEARCH_PATHS = (
					"$(inherited)",
					"@executable_path/Frameworks",
				);
				MARKETING_VERSION = 1.0;
				PRODUCT_BUNDLE_IDENTIFIER = "com.covezcorp.Dragon-Ball-Persistence";
				PRODUCT_NAME = "$(TARGET_NAME)";
				SWIFT_EMIT_LOC_STRINGS = YES;
				SWIFT_VERSION = 5.0;
				TARGETED_DEVICE_FAMILY = "1,2";
			};
			name = Release;
		};
/* End XCBuildConfiguration section */

/* Begin XCConfigurationList section */
		240790182B8E8123009F0BE5 /* Build configuration list for PBXProject "Dragon-Ball-Persistence" */ = {
			isa = XCConfigurationList;
			buildConfigurations = (
				2407902F2B8E8125009F0BE5 /* Debug */,
				240790302B8E8125009F0BE5 /* Release */,
			);
			defaultConfigurationIsVisible = 0;
			defaultConfigurationName = Release;
		};
		240790312B8E8125009F0BE5 /* Build configuration list for PBXNativeTarget "Dragon-Ball-Persistence" */ = {
			isa = XCConfigurationList;
			buildConfigurations = (
				240790322B8E8125009F0BE5 /* Debug */,
				240790332B8E8125009F0BE5 /* Release */,
			);
			defaultConfigurationIsVisible = 0;
			defaultConfigurationName = Release;
		};
/* End XCConfigurationList section */

/* Begin XCRemoteSwiftPackageReference section */
		240790422B8EF479009F0BE5 /* XCRemoteSwiftPackageReference "keychain-swift" */ = {
			isa = XCRemoteSwiftPackageReference;
			repositoryURL = "https://github.com/evgenyneu/keychain-swift";
			requirement = {
				kind = exactVersion;
				version = 21.0.0;
			};
		};
		244836412BD31EE500358AA9 /* XCRemoteSwiftPackageReference "kingfisher" */ = {
			isa = XCRemoteSwiftPackageReference;
			repositoryURL = "https://github.com/onevcat/kingfisher.git";
			requirement = {
				kind = upToNextMajorVersion;
				minimumVersion = 7.11.0;
			};
		};
/* End XCRemoteSwiftPackageReference section */

/* Begin XCSwiftPackageProductDependency section */
		240790432B8EF479009F0BE5 /* KeychainSwift */ = {
			isa = XCSwiftPackageProductDependency;
			package = 240790422B8EF479009F0BE5 /* XCRemoteSwiftPackageReference "keychain-swift" */;
			productName = KeychainSwift;
		};
		244836422BD31EE500358AA9 /* Kingfisher */ = {
			isa = XCSwiftPackageProductDependency;
			package = 244836412BD31EE500358AA9 /* XCRemoteSwiftPackageReference "kingfisher" */;
			productName = Kingfisher;
		};
/* End XCSwiftPackageProductDependency section */

/* Begin XCVersionGroup section */
		2430661D2B9CB2BE0051446D /* Model.xcdatamodeld */ = {
			isa = XCVersionGroup;
			children = (
				2430661E2B9CB2BE0051446D /* Model.xcdatamodel */,
			);
			currentVersion = 2430661E2B9CB2BE0051446D /* Model.xcdatamodel */;
			path = Model.xcdatamodeld;
			sourceTree = "<group>";
			versionGroupType = wrapper.xcdatamodel;
		};
/* End XCVersionGroup section */
	};
	rootObject = 240790152B8E8123009F0BE5 /* Project object */;
}
